{
  "requires": true,
  "lockfileVersion": 1,
  "dependencies": {
    "diagnostics_channel": {
      "version": "1.0.0",
      "resolved": "https://registry.npmjs.org/diagnostics_channel/-/diagnostics_channel-1.0.0.tgz",
      "integrity": "sha512-fC3JZDlL7jOwGhM2JvA8VuAKyRQrObkR/iX2wnEysawDM2ldLccV4ZnYIPmkgqf2XfTbPZlQcRp91N2SbCbG0Q=="
    }
  }
}
